
Microsoft Visual Studio Solution File, Format Version 10.00
# Visual Studio 2008
Project("{FAE04EC0-301F-11D3-BF4B-00C04F79EFBC}") = "MonoDevelop.StyleCop", "MonoDevelop.StyleCop\MonoDevelop.StyleCop.csproj", "{DE06595B-37ED-4948-A8B4-3ABFEB8ADB63}"
EndProject
Global
	GlobalSection(SolutionConfigurationPlatforms) = preSolution
		Debug|Any CPU = Debug|Any CPU
		Release|Any CPU = Release|Any CPU
	EndGlobalSection
	GlobalSection(ProjectConfigurationPlatforms) = postSolution
		{DE06595B-37ED-4948-A8B4-3ABFEB8ADB63}.Debug|Any CPU.ActiveCfg = Debug|Any CPU
		{DE06595B-37ED-4948-A8B4-3ABFEB8ADB63}.Debug|Any CPU.Build.0 = Debug|Any CPU
		{DE06595B-37ED-4948-A8B4-3ABFEB8ADB63}.Release|Any CPU.ActiveCfg = Release|Any CPU
		{DE06595B-37ED-4948-A8B4-3ABFEB8ADB63}.Release|Any CPU.Build.0 = Release|Any CPU
	EndGlobalSection
	GlobalSection(MonoDevelopProperties) = preSolution
		StartupItem = MonoDevelop.StyleCop\MonoDevelop.StyleCop.csproj
	EndGlobalSection
EndGlobal
